
Microsoft Visual Studio Solution File, Format Version 12.00
# Visual Studio Version 16
VisualStudioVersion = 16.0.30804.86
MinimumVisualStudioVersion = 10.0.40219.1
Project("{FAE04EC0-301F-11D3-BF4B-00C04F79EFBC}") = "InternetSwitcher", "InternetSwitcher.csproj", "{368D1FDB-9CE8-48BC-9E38-836BFF4F7ADB}"
EndProject
Global
	GlobalSection(SolutionConfigurationPlatforms) = preSolution
		Debug|Any CPU = Debug|Any CPU
		Release|Any CPU = Release|Any CPU
	EndGlobalSection
	GlobalSection(ProjectConfigurationPlatforms) = postSolution
		{368D1FDB-9CE8-48BC-9E38-836BFF4F7ADB}.Debug|Any CPU.ActiveCfg = Debug|Any CPU
		{368D1FDB-9CE8-48BC-9E38-836BFF4F7ADB}.Debug|Any CPU.Build.0 = Debug|Any CPU
		{368D1FDB-9CE8-48BC-9E38-836BFF4F7ADB}.Release|Any CPU.ActiveCfg = Release|Any CPU
		{368D1FDB-9CE8-48BC-9E38-836BFF4F7ADB}.Release|Any CPU.Build.0 = Release|Any CPU
	EndGlobalSection
	GlobalSection(SolutionProperties) = preSolution
		HideSolutionNode = FALSE
	EndGlobalSection
	GlobalSection(ExtensibilityGlobals) = postSolution
		SolutionGuid = {CE2C9DBE-BB5C-41DC-92F7-B4A6E72E2036}
	EndGlobalSection
EndGlobal
